
Microsoft Visual Studio Solution File, Format Version 12.00
# Visual Studio Express 14 for Windows Desktop
VisualStudioVersion = 14.0.25420.1
MinimumVisualStudioVersion = 10.0.40219.1
Project("{FAE04EC0-301F-11D3-BF4B-00C04F79EFBC}") = "Store", "Store.csproj", "{6CBFC77E-CBEF-4DD2-82D0-1CEA7860A191}"
EndProject
Project("{FAE04EC0-301F-11D3-BF4B-00C04F79EFBC}") = "Store.Models", "Store.Models\Store.Models.csproj", "{3FA3D494-3C1E-4A45-B928-669A64683C70}"
EndProject
Project("{FAE04EC0-301F-11D3-BF4B-00C04F79EFBC}") = "Store.Pgsql", "Store.Pgsql\Store.Pgsql.csproj", "{0C84F58B-520C-40B2-8770-2179C875C0A6}"
EndProject
Project("{FAE04EC0-301F-11D3-BF4B-00C04F79EFBC}") = "Store.Pgsql.Test", "Store.Pgsql.Test\Store.Pgsql.Test.csproj", "{2F0939A7-3606-466E-8FE4-1E3736265F3A}"
EndProject
Global
	GlobalSection(SolutionConfigurationPlatforms) = preSolution
		Debug|Any CPU = Debug|Any CPU
		Release|Any CPU = Release|Any CPU
	EndGlobalSection
	GlobalSection(ProjectConfigurationPlatforms) = postSolution
		{6CBFC77E-CBEF-4DD2-82D0-1CEA7860A191}.Debug|Any CPU.ActiveCfg = Debug|Any CPU
		{6CBFC77E-CBEF-4DD2-82D0-1CEA7860A191}.Debug|Any CPU.Build.0 = Debug|Any CPU
		{6CBFC77E-CBEF-4DD2-82D0-1CEA7860A191}.Release|Any CPU.ActiveCfg = Release|Any CPU
		{6CBFC77E-CBEF-4DD2-82D0-1CEA7860A191}.Release|Any CPU.Build.0 = Release|Any CPU
		{3FA3D494-3C1E-4A45-B928-669A64683C70}.Debug|Any CPU.ActiveCfg = Debug|Any CPU
		{3FA3D494-3C1E-4A45-B928-669A64683C70}.Debug|Any CPU.Build.0 = Debug|Any CPU
		{3FA3D494-3C1E-4A45-B928-669A64683C70}.Release|Any CPU.ActiveCfg = Release|Any CPU
		{3FA3D494-3C1E-4A45-B928-669A64683C70}.Release|Any CPU.Build.0 = Release|Any CPU
		{0C84F58B-520C-40B2-8770-2179C875C0A6}.Debug|Any CPU.ActiveCfg = Debug|Any CPU
		{0C84F58B-520C-40B2-8770-2179C875C0A6}.Debug|Any CPU.Build.0 = Debug|Any CPU
		{0C84F58B-520C-40B2-8770-2179C875C0A6}.Release|Any CPU.ActiveCfg = Release|Any CPU
		{0C84F58B-520C-40B2-8770-2179C875C0A6}.Release|Any CPU.Build.0 = Release|Any CPU
		{2F0939A7-3606-466E-8FE4-1E3736265F3A}.Debug|Any CPU.ActiveCfg = Debug|Any CPU
		{2F0939A7-3606-466E-8FE4-1E3736265F3A}.Debug|Any CPU.Build.0 = Debug|Any CPU
		{2F0939A7-3606-466E-8FE4-1E3736265F3A}.Release|Any CPU.ActiveCfg = Release|Any CPU
		{2F0939A7-3606-466E-8FE4-1E3736265F3A}.Release|Any CPU.Build.0 = Release|Any CPU
	EndGlobalSection
	GlobalSection(SolutionProperties) = preSolution
		HideSolutionNode = FALSE
	EndGlobalSection
EndGlobal
